
Microsoft Visual Studio Solution File, Format Version 12.00
# Visual Studio 2013
VisualStudioVersion = 12.0.31101.0
MinimumVisualStudioVersion = 10.0.40219.1
Project("{FAE04EC0-301F-11D3-BF4B-00C04F79EFBC}") = "FilesApplication", "Untitled\FilesApplication.csproj", "{FFC4204D-2174-43E4-BC87-2E7AA64D1F47}"
	ProjectSection(ProjectDependencies) = postProject
		{87A11449-8241-42CA-A6E6-68690B27A9C1} = {87A11449-8241-42CA-A6E6-68690B27A9C1}
		{7013D34A-084D-4CF3-AB5C-57F47035EAD6} = {7013D34A-084D-4CF3-AB5C-57F47035EAD6}
	EndProjectSection
EndProject
Project("{2150E333-8FDC-42A3-9474-1A3956D46DE8}") = "Solution Items", "Solution Items", "{EEC4D721-3766-43F1-A9F6-518C5B00EA31}"
EndProject
Project("{FAE04EC0-301F-11D3-BF4B-00C04F79EFBC}") = "FSOps", "FSOps\FSOps.csproj", "{100754F9-9EF9-400D-8355-1ECFCA905711}"
EndProject
Project("{FAE04EC0-301F-11D3-BF4B-00C04F79EFBC}") = "ControlsLibrary", "Controls\ControlsLibrary.csproj", "{1937D5FE-E7F5-48F3-BB2F-0C6A0C3B0BC5}"
	ProjectSection(ProjectDependencies) = postProject
		{87A11449-8241-42CA-A6E6-68690B27A9C1} = {87A11449-8241-42CA-A6E6-68690B27A9C1}
	EndProjectSection
EndProject
Project("{FAE04EC0-301F-11D3-BF4B-00C04F79EFBC}") = "ResourceLibrary", "ResourceLibrary\ResourceLibrary.csproj", "{87A11449-8241-42CA-A6E6-68690B27A9C1}"
EndProject
Project("{FAE04EC0-301F-11D3-BF4B-00C04F79EFBC}") = "Shell32Interop", "Shell32Interop\Shell32Interop.csproj", "{7013D34A-084D-4CF3-AB5C-57F47035EAD6}"
EndProject
Global
	GlobalSection(SolutionConfigurationPlatforms) = preSolution
		Debug|Any CPU = Debug|Any CPU
		Release|Any CPU = Release|Any CPU
	EndGlobalSection
	GlobalSection(ProjectConfigurationPlatforms) = postSolution
		{FFC4204D-2174-43E4-BC87-2E7AA64D1F47}.Debug|Any CPU.ActiveCfg = Debug|Any CPU
		{FFC4204D-2174-43E4-BC87-2E7AA64D1F47}.Debug|Any CPU.Build.0 = Debug|Any CPU
		{FFC4204D-2174-43E4-BC87-2E7AA64D1F47}.Release|Any CPU.ActiveCfg = Release|Any CPU
		{FFC4204D-2174-43E4-BC87-2E7AA64D1F47}.Release|Any CPU.Build.0 = Release|Any CPU
		{100754F9-9EF9-400D-8355-1ECFCA905711}.Debug|Any CPU.ActiveCfg = Debug|Any CPU
		{100754F9-9EF9-400D-8355-1ECFCA905711}.Debug|Any CPU.Build.0 = Debug|Any CPU
		{100754F9-9EF9-400D-8355-1ECFCA905711}.Release|Any CPU.ActiveCfg = Release|Any CPU
		{100754F9-9EF9-400D-8355-1ECFCA905711}.Release|Any CPU.Build.0 = Release|Any CPU
		{1937D5FE-E7F5-48F3-BB2F-0C6A0C3B0BC5}.Debug|Any CPU.ActiveCfg = Debug|Any CPU
		{1937D5FE-E7F5-48F3-BB2F-0C6A0C3B0BC5}.Debug|Any CPU.Build.0 = Debug|Any CPU
		{1937D5FE-E7F5-48F3-BB2F-0C6A0C3B0BC5}.Release|Any CPU.ActiveCfg = Release|Any CPU
		{1937D5FE-E7F5-48F3-BB2F-0C6A0C3B0BC5}.Release|Any CPU.Build.0 = Release|Any CPU
		{87A11449-8241-42CA-A6E6-68690B27A9C1}.Debug|Any CPU.ActiveCfg = Debug|Any CPU
		{87A11449-8241-42CA-A6E6-68690B27A9C1}.Debug|Any CPU.Build.0 = Debug|Any CPU
		{87A11449-8241-42CA-A6E6-68690B27A9C1}.Release|Any CPU.ActiveCfg = Release|Any CPU
		{87A11449-8241-42CA-A6E6-68690B27A9C1}.Release|Any CPU.Build.0 = Release|Any CPU
		{7013D34A-084D-4CF3-AB5C-57F47035EAD6}.Debug|Any CPU.ActiveCfg = Debug|Any CPU
		{7013D34A-084D-4CF3-AB5C-57F47035EAD6}.Debug|Any CPU.Build.0 = Debug|Any CPU
		{7013D34A-084D-4CF3-AB5C-57F47035EAD6}.Release|Any CPU.ActiveCfg = Release|Any CPU
		{7013D34A-084D-4CF3-AB5C-57F47035EAD6}.Release|Any CPU.Build.0 = Release|Any CPU
	EndGlobalSection
	GlobalSection(SolutionProperties) = preSolution
		HideSolutionNode = FALSE
	EndGlobalSection
EndGlobal
